
Microsoft Visual Studio Solution File, Format Version 12.00
# Visual Studio Version 17
VisualStudioVersion = 17.11.35219.272
MinimumVisualStudioVersion = 10.0.40219.1
Project("{8BC9CEB8-8B4A-11D0-8D11-00A0C91BC942}") = "deblur", "deblur.vcxproj", "{A1D8CF2A-4410-43E5-9637-C73806846EA8}"
EndProject
Global
	GlobalSection(SolutionConfigurationPlatforms) = preSolution
		Debug|x64 = Debug|x64
		Debug|x86 = Debug|x86
		Release|x64 = Release|x64
		Release|x86 = Release|x86
	EndGlobalSection
	GlobalSection(ProjectConfigurationPlatforms) = postSolution
		{A1D8CF2A-4410-43E5-9637-C73806846EA8}.Debug|x64.ActiveCfg = Debug|x64
		{A1D8CF2A-4410-43E5-9637-C73806846EA8}.Debug|x64.Build.0 = Debug|x64
		{A1D8CF2A-4410-43E5-9637-C73806846EA8}.Debug|x86.ActiveCfg = Debug|Win32
		{A1D8CF2A-4410-43E5-9637-C73806846EA8}.Debug|x86.Build.0 = Debug|Win32
		{A1D8CF2A-4410-43E5-9637-C73806846EA8}.Release|x64.ActiveCfg = Release|x64
		{A1D8CF2A-4410-43E5-9637-C73806846EA8}.Release|x64.Build.0 = Release|x64
		{A1D8CF2A-4410-43E5-9637-C73806846EA8}.Release|x86.ActiveCfg = Release|Win32
		{A1D8CF2A-4410-43E5-9637-C73806846EA8}.Release|x86.Build.0 = Release|Win32
	EndGlobalSection
	GlobalSection(SolutionProperties) = preSolution
		HideSolutionNode = FALSE
	EndGlobalSection
	GlobalSection(ExtensibilityGlobals) = postSolution
		SolutionGuid = {14A357F2-68A1-4B76-BFF2-35FADEC9C7E2}
	EndGlobalSection
EndGlobal
